
Microsoft Visual Studio Solution File, Format Version 12.00
# Visual Studio Version 17
VisualStudioVersion = 17.5.33627.172
MinimumVisualStudioVersion = 10.0.40219.1
Project("{FAE04EC0-301F-11D3-BF4B-00C04F79EFBC}") = "FantasyCriticScoreTracker", "FantasyCriticScoreTracker.csproj", "{F4E3D7E0-6813-4CF4-9EAF-5D096D154135}"
EndProject
Global
	GlobalSection(SolutionConfigurationPlatforms) = preSolution
		Debug|Any CPU = Debug|Any CPU
		Release|Any CPU = Release|Any CPU
	EndGlobalSection
	GlobalSection(ProjectConfigurationPlatforms) = postSolution
		{F4E3D7E0-6813-4CF4-9EAF-5D096D154135}.Debug|Any CPU.ActiveCfg = Debug|Any CPU
		{F4E3D7E0-6813-4CF4-9EAF-5D096D154135}.Debug|Any CPU.Build.0 = Debug|Any CPU
		{F4E3D7E0-6813-4CF4-9EAF-5D096D154135}.Release|Any CPU.ActiveCfg = Release|Any CPU
		{F4E3D7E0-6813-4CF4-9EAF-5D096D154135}.Release|Any CPU.Build.0 = Release|Any CPU
	EndGlobalSection
	GlobalSection(SolutionProperties) = preSolution
		HideSolutionNode = FALSE
	EndGlobalSection
	GlobalSection(ExtensibilityGlobals) = postSolution
		SolutionGuid = {B580E926-CEA2-45B3-9C91-7BDF51B13BD9}
	EndGlobalSection
EndGlobal
